
Microsoft Visual Studio Solution File, Format Version 11.00
# Visual Studio 2010
Project("{FAE04EC0-301F-11D3-BF4B-00C04F79EFBC}") = "CmdLinePlugin", "CmdLinePlugin\CmdLinePlugin.csproj", "{F8935381-F011-471D-ADCF-9F7BA666A8B8}"
EndProject
Project("{FAE04EC0-301F-11D3-BF4B-00C04F79EFBC}") = "CmdPromptTabPlugin", "CmdPromptTabPlugin\CmdPromptTabPlugin.csproj", "{72D2CEF1-6CB5-45EF-B481-599E6F877CCE}"
EndProject
Global
	GlobalSection(SolutionConfigurationPlatforms) = preSolution
		Debug|Any CPU = Debug|Any CPU
		Release|Any CPU = Release|Any CPU
	EndGlobalSection
	GlobalSection(ProjectConfigurationPlatforms) = postSolution
		{F8935381-F011-471D-ADCF-9F7BA666A8B8}.Debug|Any CPU.ActiveCfg = Debug|Any CPU
		{F8935381-F011-471D-ADCF-9F7BA666A8B8}.Debug|Any CPU.Build.0 = Debug|Any CPU
		{F8935381-F011-471D-ADCF-9F7BA666A8B8}.Release|Any CPU.ActiveCfg = Release|Any CPU
		{F8935381-F011-471D-ADCF-9F7BA666A8B8}.Release|Any CPU.Build.0 = Release|Any CPU
		{72D2CEF1-6CB5-45EF-B481-599E6F877CCE}.Debug|Any CPU.ActiveCfg = Debug|Any CPU
		{72D2CEF1-6CB5-45EF-B481-599E6F877CCE}.Debug|Any CPU.Build.0 = Debug|Any CPU
		{72D2CEF1-6CB5-45EF-B481-599E6F877CCE}.Release|Any CPU.ActiveCfg = Release|Any CPU
		{72D2CEF1-6CB5-45EF-B481-599E6F877CCE}.Release|Any CPU.Build.0 = Release|Any CPU
	EndGlobalSection
	GlobalSection(SolutionProperties) = preSolution
		HideSolutionNode = FALSE
	EndGlobalSection
EndGlobal
